
Microsoft Visual Studio Solution File, Format Version 12.00
# Visual Studio 15
VisualStudioVersion = 15.0.26124.0
MinimumVisualStudioVersion = 15.0.26124.0
Project("{2150E333-8FDC-42A3-9474-1A3956D46DE8}") = "src", "src", "{C4706EDE-65E1-4AFD-A808-DB98AB05D4B5}"
EndProject
Project("{FAE04EC0-301F-11D3-BF4B-00C04F79EFBC}") = "ChaosMonkey", "src\ChaosMonkey\ChaosMonkey.csproj", "{A2A48DF1-EADC-4A67-9EBF-D93EB8805914}"
EndProject
Project("{FAE04EC0-301F-11D3-BF4B-00C04F79EFBC}") = "ExampleWebApp", "src\ExampleWebApp\ExampleWebApp.csproj", "{E1D795A4-6CA9-4041-AA88-AD70CB33AE8A}"
EndProject
Global
	GlobalSection(SolutionConfigurationPlatforms) = preSolution
		Debug|Any CPU = Debug|Any CPU
		Debug|x64 = Debug|x64
		Debug|x86 = Debug|x86
		Release|Any CPU = Release|Any CPU
		Release|x64 = Release|x64
		Release|x86 = Release|x86
	EndGlobalSection
	GlobalSection(SolutionProperties) = preSolution
		HideSolutionNode = FALSE
	EndGlobalSection
	GlobalSection(ProjectConfigurationPlatforms) = postSolution
		{A2A48DF1-EADC-4A67-9EBF-D93EB8805914}.Debug|Any CPU.ActiveCfg = Debug|Any CPU
		{A2A48DF1-EADC-4A67-9EBF-D93EB8805914}.Debug|Any CPU.Build.0 = Debug|Any CPU
		{A2A48DF1-EADC-4A67-9EBF-D93EB8805914}.Debug|x64.ActiveCfg = Debug|Any CPU
		{A2A48DF1-EADC-4A67-9EBF-D93EB8805914}.Debug|x64.Build.0 = Debug|Any CPU
		{A2A48DF1-EADC-4A67-9EBF-D93EB8805914}.Debug|x86.ActiveCfg = Debug|Any CPU
		{A2A48DF1-EADC-4A67-9EBF-D93EB8805914}.Debug|x86.Build.0 = Debug|Any CPU
		{A2A48DF1-EADC-4A67-9EBF-D93EB8805914}.Release|Any CPU.ActiveCfg = Release|Any CPU
		{A2A48DF1-EADC-4A67-9EBF-D93EB8805914}.Release|Any CPU.Build.0 = Release|Any CPU
		{A2A48DF1-EADC-4A67-9EBF-D93EB8805914}.Release|x64.ActiveCfg = Release|Any CPU
		{A2A48DF1-EADC-4A67-9EBF-D93EB8805914}.Release|x64.Build.0 = Release|Any CPU
		{A2A48DF1-EADC-4A67-9EBF-D93EB8805914}.Release|x86.ActiveCfg = Release|Any CPU
		{A2A48DF1-EADC-4A67-9EBF-D93EB8805914}.Release|x86.Build.0 = Release|Any CPU
		{E1D795A4-6CA9-4041-AA88-AD70CB33AE8A}.Debug|Any CPU.ActiveCfg = Debug|Any CPU
		{E1D795A4-6CA9-4041-AA88-AD70CB33AE8A}.Debug|Any CPU.Build.0 = Debug|Any CPU
		{E1D795A4-6CA9-4041-AA88-AD70CB33AE8A}.Debug|x64.ActiveCfg = Debug|Any CPU
		{E1D795A4-6CA9-4041-AA88-AD70CB33AE8A}.Debug|x64.Build.0 = Debug|Any CPU
		{E1D795A4-6CA9-4041-AA88-AD70CB33AE8A}.Debug|x86.ActiveCfg = Debug|Any CPU
		{E1D795A4-6CA9-4041-AA88-AD70CB33AE8A}.Debug|x86.Build.0 = Debug|Any CPU
		{E1D795A4-6CA9-4041-AA88-AD70CB33AE8A}.Release|Any CPU.ActiveCfg = Release|Any CPU
		{E1D795A4-6CA9-4041-AA88-AD70CB33AE8A}.Release|Any CPU.Build.0 = Release|Any CPU
		{E1D795A4-6CA9-4041-AA88-AD70CB33AE8A}.Release|x64.ActiveCfg = Release|Any CPU
		{E1D795A4-6CA9-4041-AA88-AD70CB33AE8A}.Release|x64.Build.0 = Release|Any CPU
		{E1D795A4-6CA9-4041-AA88-AD70CB33AE8A}.Release|x86.ActiveCfg = Release|Any CPU
		{E1D795A4-6CA9-4041-AA88-AD70CB33AE8A}.Release|x86.Build.0 = Release|Any CPU
	EndGlobalSection
	GlobalSection(NestedProjects) = preSolution
		{A2A48DF1-EADC-4A67-9EBF-D93EB8805914} = {C4706EDE-65E1-4AFD-A808-DB98AB05D4B5}
		{E1D795A4-6CA9-4041-AA88-AD70CB33AE8A} = {C4706EDE-65E1-4AFD-A808-DB98AB05D4B5}
	EndGlobalSection
EndGlobal
